// !$*UTF8*$!
{
	archiveVersion = 1;
	classes = {
	};
	objectVersion = 50;
	objects = {

/* Begin PBXBuildFile section */
		A03F75D4207F4A340091BF2E /* AppDelegate.swift in Sources */ = {isa = PBXBuildFile; fileRef = A03F75D3207F4A340091BF2E /* AppDelegate.swift */; };
		A03F75D6207F4A340091BF2E /* art.scnassets in Resources */ = {isa = PBXBuildFile; fileRef = A03F75D5207F4A340091BF2E /* art.scnassets */; };
		A03F75D8207F4A340091BF2E /* ViewController.swift in Sources */ = {isa = PBXBuildFile; fileRef = A03F75D7207F4A340091BF2E /* ViewController.swift */; };
		A03F75DB207F4A340091BF2E /* Main.storyboard in Resources */ = {isa = PBXBuildFile; fileRef = A03F75D9207F4A340091BF2E /* Main.storyboard */; };
		A03F75DD207F4A360091BF2E /* Assets.xcassets in Resources */ = {isa = PBXBuildFile; fileRef = A03F75DC207F4A360091BF2E /* Assets.xcassets */; };
		A03F75E0207F4A360091BF2E /* LaunchScreen.storyboard in Resources */ = {isa = PBXBuildFile; fileRef = A03F75DE207F4A360091BF2E /* LaunchScreen.storyboard */; };
		A03F75EB207F4A360091BF2E /* MarbletrackBuildingGuideTests.swift in Sources */ = {isa = PBXBuildFile; fileRef = A03F75EA207F4A360091BF2E /* MarbletrackBuildingGuideTests.swift */; };
		A03F75F9207F4AF40091BF2E /* BasicCube.swift in Sources */ = {isa = PBXBuildFile; fileRef = A03F75F5207F4AF30091BF2E /* BasicCube.swift */; };
		A03F75FA207F4AF40091BF2E /* MarbleTrack.swift in Sources */ = {isa = PBXBuildFile; fileRef = A03F75F6207F4AF40091BF2E /* MarbleTrack.swift */; };
		A03F75FB207F4AF40091BF2E /* TrackMap.swift in Sources */ = {isa = PBXBuildFile; fileRef = A03F75F7207F4AF40091BF2E /* TrackMap.swift */; };
		A03F75FC207F4AF40091BF2E /* Triple.swift in Sources */ = {isa = PBXBuildFile; fileRef = A03F75F8207F4AF40091BF2E /* Triple.swift */; };
		A03F7603207F4B3B0091BF2E /* TrackMapTests.swift in Sources */ = {isa = PBXBuildFile; fileRef = A03F7601207F4B3A0091BF2E /* TrackMapTests.swift */; };
		A03F7604207F4B3B0091BF2E /* TripleTests.swift in Sources */ = {isa = PBXBuildFile; fileRef = A03F7602207F4B3A0091BF2E /* TripleTests.swift */; };
/* End PBXBuildFile section */

/* Begin PBXContainerItemProxy section */
		A03F75E7207F4A360091BF2E /* PBXContainerItemProxy */ = {
			isa = PBXContainerItemProxy;
			containerPortal = A03F75C8207F4A340091BF2E /* Project object */;
			proxyType = 1;
			remoteGlobalIDString = A03F75CF207F4A340091BF2E;
			remoteInfo = MarbletrackBuildingGuide;
		};
/* End PBXContainerItemProxy section */

/* Begin PBXFileReference section */
		A03F75D0207F4A340091BF2E /* MarbletrackBuildingGuide.app */ = {isa = PBXFileReference; explicitFileType = wrapper.application; includeInIndex = 0; path = MarbletrackBuildingGuide.app; sourceTree = BUILT_PRODUCTS_DIR; };
		A03F75D3207F4A340091BF2E /* AppDelegate.swift */ = {isa = PBXFileReference; lastKnownFileType = sourcecode.swift; path = AppDelegate.swift; sourceTree = "<group>"; };
		A03F75D5207F4A340091BF2E /* art.scnassets */ = {isa = PBXFileReference; lastKnownFileType = wrapper.scnassets; path = art.scnassets; sourceTree = "<group>"; };
		A03F75D7207F4A340091BF2E /* ViewController.swift */ = {isa = PBXFileReference; lastKnownFileType = sourcecode.swift; path = ViewController.swift; sourceTree = "<group>"; };
		A03F75DA207F4A340091BF2E /* Base */ = {isa = PBXFileReference; lastKnownFileType = file.storyboard; name = Base; path = Base.lproj/Main.storyboard; sourceTree = "<group>"; };
		A03F75DC207F4A360091BF2E /* Assets.xcassets */ = {isa = PBXFileReference; lastKnownFileType = folder.assetcatalog; path = Assets.xcassets; sourceTree = "<group>"; };
		A03F75DF207F4A360091BF2E /* Base */ = {isa = PBXFileReference; lastKnownFileType = file.storyboard; name = Base; path = Base.lproj/LaunchScreen.storyboard; sourceTree = "<group>"; };
		A03F75E1207F4A360091BF2E /* Info.plist */ = {isa = PBXFileReference; lastKnownFileType = text.plist.xml; path = Info.plist; sourceTree = "<group>"; };
		A03F75E6207F4A360091BF2E /* MarbletrackBuildingGuideTests.xctest */ = {isa = PBXFileReference; explicitFileType = wrapper.cfbundle; includeInIndex = 0; path = MarbletrackBuildingGuideTests.xctest; sourceTree = BUILT_PRODUCTS_DIR; };
		A03F75EA207F4A360091BF2E /* MarbletrackBuildingGuideTests.swift */ = {isa = PBXFileReference; lastKnownFileType = sourcecode.swift; path = MarbletrackBuildingGuideTests.swift; sourceTree = "<group>"; };
		A03F75EC207F4A360091BF2E /* Info.plist */ = {isa = PBXFileReference; lastKnownFileType = text.plist.xml; path = Info.plist; sourceTree = "<group>"; };
		A03F75F5207F4AF30091BF2E /* BasicCube.swift */ = {isa = PBXFileReference; fileEncoding = 4; lastKnownFileType = sourcecode.swift; path = BasicCube.swift; sourceTree = "<group>"; };
		A03F75F6207F4AF40091BF2E /* MarbleTrack.swift */ = {isa = PBXFileReference; fileEncoding = 4; lastKnownFileType = sourcecode.swift; path = MarbleTrack.swift; sourceTree = "<group>"; };
		A03F75F7207F4AF40091BF2E /* TrackMap.swift */ = {isa = PBXFileReference; fileEncoding = 4; lastKnownFileType = sourcecode.swift; path = TrackMap.swift; sourceTree = "<group>"; };
		A03F75F8207F4AF40091BF2E /* Triple.swift */ = {isa = PBXFileReference; fileEncoding = 4; lastKnownFileType = sourcecode.swift; path = Triple.swift; sourceTree = "<group>"; };
		A03F7601207F4B3A0091BF2E /* TrackMapTests.swift */ = {isa = PBXFileReference; fileEncoding = 4; lastKnownFileType = sourcecode.swift; name = TrackMapTests.swift; path = MarbletrackBuildingGuideTests/TrackMapTests.swift; sourceTree = SOURCE_ROOT; };
		A03F7602207F4B3A0091BF2E /* TripleTests.swift */ = {isa = PBXFileReference; fileEncoding = 4; lastKnownFileType = sourcecode.swift; name = TripleTests.swift; path = MarbletrackBuildingGuideTests/TripleTests.swift; sourceTree = SOURCE_ROOT; };
/* End PBXFileReference section */

/* Begin PBXFrameworksBuildPhase section */
		A03F75CD207F4A340091BF2E /* Frameworks */ = {
			isa = PBXFrameworksBuildPhase;
			buildActionMask = 2147483647;
			files = (
			);
			runOnlyForDeploymentPostprocessing = 0;
		};
		A03F75E3207F4A360091BF2E /* Frameworks */ = {
			isa = PBXFrameworksBuildPhase;
			buildActionMask = 2147483647;
			files = (
			);
			runOnlyForDeploymentPostprocessing = 0;
		};
/* End PBXFrameworksBuildPhase section */

/* Begin PBXGroup section */
		A03F75C7207F4A340091BF2E = {
			isa = PBXGroup;
			children = (
				A03F75D2207F4A340091BF2E /* MarbletrackBuildingGuide */,
				A03F75E9207F4A360091BF2E /* MarbletrackBuildingGuideTests */,
				A03F75D1207F4A340091BF2E /* Products */,
			);
			sourceTree = "<group>";
		};
		A03F75D1207F4A340091BF2E /* Products */ = {
			isa = PBXGroup;
			children = (
				A03F75D0207F4A340091BF2E /* MarbletrackBuildingGuide.app */,
				A03F75E6207F4A360091BF2E /* MarbletrackBuildingGuideTests.xctest */,
			);
			name = Products;
			sourceTree = "<group>";
		};
		A03F75D2207F4A340091BF2E /* MarbletrackBuildingGuide */ = {
			isa = PBXGroup;
			children = (
				A03F75F5207F4AF30091BF2E /* BasicCube.swift */,
				A03F75F6207F4AF40091BF2E /* MarbleTrack.swift */,
				A03F75F7207F4AF40091BF2E /* TrackMap.swift */,
				A03F75F8207F4AF40091BF2E /* Triple.swift */,
				A03F75D3207F4A340091BF2E /* AppDelegate.swift */,
				A03F75D5207F4A340091BF2E /* art.scnassets */,
				A03F75D7207F4A340091BF2E /* ViewController.swift */,
				A03F75D9207F4A340091BF2E /* Main.storyboard */,
				A03F75DC207F4A360091BF2E /* Assets.xcassets */,
				A03F75DE207F4A360091BF2E /* LaunchScreen.storyboard */,
				A03F75E1207F4A360091BF2E /* Info.plist */,
			);
			path = MarbletrackBuildingGuide;
			sourceTree = "<group>";
		};
		A03F75E9207F4A360091BF2E /* MarbletrackBuildingGuideTests */ = {
			isa = PBXGroup;
			children = (
				A03F7601207F4B3A0091BF2E /* TrackMapTests.swift */,
				A03F7602207F4B3A0091BF2E /* TripleTests.swift */,
				A03F75EA207F4A360091BF2E /* MarbletrackBuildingGuideTests.swift */,
				A03F75EC207F4A360091BF2E /* Info.plist */,
			);
			path = MarbletrackBuildingGuideTests;
			sourceTree = "<group>";
		};
/* End PBXGroup section */

/* Begin PBXNativeTarget section */
		A03F75CF207F4A340091BF2E /* MarbletrackBuildingGuide */ = {
			isa = PBXNativeTarget;
			buildConfigurationList = A03F75EF207F4A370091BF2E /* Build configuration list for PBXNativeTarget "MarbletrackBuildingGuide" */;
			buildPhases = (
				A03F75CC207F4A340091BF2E /* Sources */,
				A03F75CD207F4A340091BF2E /* Frameworks */,
				A03F75CE207F4A340091BF2E /* Resources */,
			);
			buildRules = (
			);
			dependencies = (
			);
			name = MarbletrackBuildingGuide;
			productName = MarbletrackBuildingGuide;
			productReference = A03F75D0207F4A340091BF2E /* MarbletrackBuildingGuide.app */;
			productType = "com.apple.product-type.application";
		};
		A03F75E5207F4A360091BF2E /* MarbletrackBuildingGuideTests */ = {
			isa = PBXNativeTarget;
			buildConfigurationList = A03F75F2207F4A370091BF2E /* Build configuration list for PBXNativeTarget "MarbletrackBuildingGuideTests" */;
			buildPhases = (
				A03F75E2207F4A360091BF2E /* Sources */,
				A03F75E3207F4A360091BF2E /* Frameworks */,
				A03F75E4207F4A360091BF2E /* Resources */,
			);
			buildRules = (
			);
			dependencies = (
				A03F75E8207F4A360091BF2E /* PBXTargetDependency */,
			);
			name = MarbletrackBuildingGuideTests;
			productName = MarbletrackBuildingGuideTests;
			productReference = A03F75E6207F4A360091BF2E /* MarbletrackBuildingGuideTests.xctest */;
			productType = "com.apple.product-type.bundle.unit-test";
		};
/* End PBXNativeTarget section */

/* Begin PBXProject section */
		A03F75C8207F4A340091BF2E /* Project object */ = {
			isa = PBXProject;
			attributes = {
				LastSwiftUpdateCheck = 0930;
				LastUpgradeCheck = 0930;
				ORGANIZATIONNAME = hslu;
				TargetAttributes = {
					A03F75CF207F4A340091BF2E = {
						CreatedOnToolsVersion = 9.3;
					};
					A03F75E5207F4A360091BF2E = {
						CreatedOnToolsVersion = 9.3;
						TestTargetID = A03F75CF207F4A340091BF2E;
					};
				};
			};
			buildConfigurationList = A03F75CB207F4A340091BF2E /* Build configuration list for PBXProject "MarbletrackBuildingGuide" */;
			compatibilityVersion = "Xcode 9.3";
			developmentRegion = en;
			hasScannedForEncodings = 0;
			knownRegions = (
				en,
				Base,
			);
			mainGroup = A03F75C7207F4A340091BF2E;
			productRefGroup = A03F75D1207F4A340091BF2E /* Products */;
			projectDirPath = "";
			projectRoot = "";
			targets = (
				A03F75CF207F4A340091BF2E /* MarbletrackBuildingGuide */,
				A03F75E5207F4A360091BF2E /* MarbletrackBuildingGuideTests */,
			);
		};
/* End PBXProject section */

/* Begin PBXResourcesBuildPhase section */
		A03F75CE207F4A340091BF2E /* Resources */ = {
			isa = PBXResourcesBuildPhase;
			buildActionMask = 2147483647;
			files = (
				A03F75D6207F4A340091BF2E /* art.scnassets in Resources */,
				A03F75E0207F4A360091BF2E /* LaunchScreen.storyboard in Resources */,
				A03F75DD207F4A360091BF2E /* Assets.xcassets in Resources */,
				A03F75DB207F4A340091BF2E /* Main.storyboard in Resources */,
			);
			runOnlyForDeploymentPostprocessing = 0;
		};
		A03F75E4207F4A360091BF2E /* Resources */ = {
			isa = PBXResourcesBuildPhase;
			buildActionMask = 2147483647;
			files = (
			);
			runOnlyForDeploymentPostprocessing = 0;
		};
/* End PBXResourcesBuildPhase section */

/* Begin PBXSourcesBuildPhase section */
		A03F75CC207F4A340091BF2E /* Sources */ = {
			isa = PBXSourcesBuildPhase;
			buildActionMask = 2147483647;
			files = (
				A03F75FA207F4AF40091BF2E /* MarbleTrack.swift in Sources */,
				A03F75D8207F4A340091BF2E /* ViewController.swift in Sources */,
				A03F75FB207F4AF40091BF2E /* TrackMap.swift in Sources */,
				A03F75FC207F4AF40091BF2E /* Triple.swift in Sources */,
				A03F75F9207F4AF40091BF2E /* BasicCube.swift in Sources */,
				A03F75D4207F4A340091BF2E /* AppDelegate.swift in Sources */,
			);
			runOnlyForDeploymentPostprocessing = 0;
		};
		A03F75E2207F4A360091BF2E /* Sources */ = {
			isa = PBXSourcesBuildPhase;
			buildActionMask = 2147483647;
			files = (
				A03F7603207F4B3B0091BF2E /* TrackMapTests.swift in Sources */,
				A03F75EB207F4A360091BF2E /* MarbletrackBuildingGuideTests.swift in Sources */,
				A03F7604207F4B3B0091BF2E /* TripleTests.swift in Sources */,
			);
			runOnlyForDeploymentPostprocessing = 0;
		};
/* End PBXSourcesBuildPhase section */

/* Begin PBXTargetDependency section */
		A03F75E8207F4A360091BF2E /* PBXTargetDependency */ = {
			isa = PBXTargetDependency;
			target = A03F75CF207F4A340091BF2E /* MarbletrackBuildingGuide */;
			targetProxy = A03F75E7207F4A360091BF2E /* PBXContainerItemProxy */;
		};
/* End PBXTargetDependency section */

/* Begin PBXVariantGroup section */
		A03F75D9207F4A340091BF2E /* Main.storyboard */ = {
			isa = PBXVariantGroup;
			children = (
				A03F75DA207F4A340091BF2E /* Base */,
			);
			name = Main.storyboard;
			sourceTree = "<group>";
		};
		A03F75DE207F4A360091BF2E /* LaunchScreen.storyboard */ = {
			isa = PBXVariantGroup;
			children = (
				A03F75DF207F4A360091BF2E /* Base */,
			);
			name = LaunchScreen.storyboard;
			sourceTree = "<group>";
		};
/* End PBXVariantGroup section */

/* Begin XCBuildConfiguration section */
		A03F75ED207F4A370091BF2E /* Debug */ = {
			isa = XCBuildConfiguration;
			buildSettings = {
				ALWAYS_SEARCH_USER_PATHS = NO;
				CLANG_ANALYZER_NONNULL = YES;
				CLANG_ANALYZER_NUMBER_OBJECT_CONVERSION = YES_AGGRESSIVE;
				CLANG_CXX_LANGUAGE_STANDARD = "gnu++14";
				CLANG_CXX_LIBRARY = "libc++";
				CLANG_ENABLE_MODULES = YES;
				CLANG_ENABLE_OBJC_ARC = YES;
				CLANG_ENABLE_OBJC_WEAK = YES;
				CLANG_WARN_BLOCK_CAPTURE_AUTORELEASING = YES;
				CLANG_WARN_BOOL_CONVERSION = YES;
				CLANG_WARN_COMMA = YES;
				CLANG_WARN_CONSTANT_CONVERSION = YES;
				CLANG_WARN_DEPRECATED_OBJC_IMPLEMENTATIONS = YES;
				CLANG_WARN_DIRECT_OBJC_ISA_USAGE = YES_ERROR;
				CLANG_WARN_DOCUMENTATION_COMMENTS = YES;
				CLANG_WARN_EMPTY_BODY = YES;
				CLANG_WARN_ENUM_CONVERSION = YES;
				CLANG_WARN_INFINITE_RECURSION = YES;
				CLANG_WARN_INT_CONVERSION = YES;
				CLANG_WARN_NON_LITERAL_NULL_CONVERSION = YES;
				CLANG_WARN_OBJC_IMPLICIT_RETAIN_SELF = YES;
				CLANG_WARN_OBJC_LITERAL_CONVERSION = YES;
				CLANG_WARN_OBJC_ROOT_CLASS = YES_ERROR;
				CLANG_WARN_RANGE_LOOP_ANALYSIS = YES;
				CLANG_WARN_STRICT_PROTOTYPES = YES;
				CLANG_WARN_SUSPICIOUS_MOVE = YES;
				CLANG_WARN_UNGUARDED_AVAILABILITY = YES_AGGRESSIVE;
				CLANG_WARN_UNREACHABLE_CODE = YES;
				CLANG_WARN__DUPLICATE_METHOD_MATCH = YES;
				CODE_SIGN_IDENTITY = "iPhone Developer";
				COPY_PHASE_STRIP = NO;
				DEBUG_INFORMATION_FORMAT = dwarf;
				ENABLE_STRICT_OBJC_MSGSEND = YES;
				ENABLE_TESTABILITY = YES;
				GCC_C_LANGUAGE_STANDARD = gnu11;
				GCC_DYNAMIC_NO_PIC = NO;
				GCC_NO_COMMON_BLOCKS = YES;
				GCC_OPTIMIZATION_LEVEL = 0;
				GCC_PREPROCESSOR_DEFINITIONS = (
					"DEBUG=1",
					"$(inherited)",
				);
				GCC_WARN_64_TO_32_BIT_CONVERSION = YES;
				GCC_WARN_ABOUT_RETURN_TYPE = YES_ERROR;
				GCC_WARN_UNDECLARED_SELECTOR = YES;
				GCC_WARN_UNINITIALIZED_AUTOS = YES_AGGRESSIVE;
				GCC_WARN_UNUSED_FUNCTION = YES;
				GCC_WARN_UNUSED_VARIABLE = YES;
				IPHONEOS_DEPLOYMENT_TARGET = 11.3;
				MTL_ENABLE_DEBUG_INFO = YES;
				ONLY_ACTIVE_ARCH = YES;
				SDKROOT = iphoneos;
				SWIFT_ACTIVE_COMPILATION_CONDITIONS = DEBUG;
				SWIFT_OPTIMIZATION_LEVEL = "-Onone";
			};
			name = Debug;
		};
		A03F75EE207F4A370091BF2E /* Release */ = {
			isa = XCBuildConfiguration;
			buildSettings = {
				ALWAYS_SEARCH_USER_PATHS = NO;
				CLANG_ANALYZER_NONNULL = YES;
				CLANG_ANALYZER_NUMBER_OBJECT_CONVERSION = YES_AGGRESSIVE;
				CLANG_CXX_LANGUAGE_STANDARD = "gnu++14";
				CLANG_CXX_LIBRARY = "libc++";
				CLANG_ENABLE_MODULES = YES;
				CLANG_ENABLE_OBJC_ARC = YES;
				CLANG_ENABLE_OBJC_WEAK = YES;
				CLANG_WARN_BLOCK_CAPTURE_AUTORELEASING = YES;
				CLANG_WARN_BOOL_CONVERSION = YES;
				CLANG_WARN_COMMA = YES;
				CLANG_WARN_CONSTANT_CONVERSION = YES;
				CLANG_WARN_DEPRECATED_OBJC_IMPLEMENTATIONS = YES;
				CLANG_WARN_DIRECT_OBJC_ISA_USAGE = YES_ERROR;
				CLANG_WARN_DOCUMENTATION_COMMENTS = YES;
				CLANG_WARN_EMPTY_BODY = YES;
				CLANG_WARN_ENUM_CONVERSION = YES;
				CLANG_WARN_INFINITE_RECURSION = YES;
				CLANG_WARN_INT_CONVERSION = YES;
				CLANG_WARN_NON_LITERAL_NULL_CONVERSION = YES;
				CLANG_WARN_OBJC_IMPLICIT_RETAIN_SELF = YES;
				CLANG_WARN_OBJC_LITERAL_CONVERSION = YES;
				CLANG_WARN_OBJC_ROOT_CLASS = YES_ERROR;
				CLANG_WARN_RANGE_LOOP_ANALYSIS = YES;
				CLANG_WARN_STRICT_PROTOTYPES = YES;
				CLANG_WARN_SUSPICIOUS_MOVE = YES;
				CLANG_WARN_UNGUARDED_AVAILABILITY = YES_AGGRESSIVE;
				CLANG_WARN_UNREACHABLE_CODE = YES;
				CLANG_WARN__DUPLICATE_METHOD_MATCH = YES;
				CODE_SIGN_IDENTITY = "iPhone Developer";
				COPY_PHASE_STRIP = NO;
				DEBUG_INFORMATION_FORMAT = "dwarf-with-dsym";
				ENABLE_NS_ASSERTIONS = NO;
				ENABLE_STRICT_OBJC_MSGSEND = YES;
				GCC_C_LANGUAGE_STANDARD = gnu11;
				GCC_NO_COMMON_BLOCKS = YES;
				GCC_WARN_64_TO_32_BIT_CONVERSION = YES;
				GCC_WARN_ABOUT_RETURN_TYPE = YES_ERROR;
				GCC_WARN_UNDECLARED_SELECTOR = YES;
				GCC_WARN_UNINITIALIZED_AUTOS = YES_AGGRESSIVE;
				GCC_WARN_UNUSED_FUNCTION = YES;
				GCC_WARN_UNUSED_VARIABLE = YES;
				IPHONEOS_DEPLOYMENT_TARGET = 11.3;
				MTL_ENABLE_DEBUG_INFO = NO;
				SDKROOT = iphoneos;
				SWIFT_COMPILATION_MODE = wholemodule;
				SWIFT_OPTIMIZATION_LEVEL = "-O";
				VALIDATE_PRODUCT = YES;
			};
			name = Release;
		};
		A03F75F0207F4A370091BF2E /* Debug */ = {
			isa = XCBuildConfiguration;
			buildSettings = {
				ASSETCATALOG_COMPILER_APPICON_NAME = AppIcon;
				CODE_SIGN_STYLE = Automatic;
				DEVELOPMENT_TEAM = QN4T2H2RS6;
				INFOPLIST_FILE = MarbletrackBuildingGuide/Info.plist;
				LD_RUNPATH_SEARCH_PATHS = (
					"$(inherited)",
					"@executable_path/Frameworks",
				);
				PRODUCT_BUNDLE_IDENTIFIER = ch.hslu.pawi.MarbletrackBuildingGuide;
				PRODUCT_NAME = "$(TARGET_NAME)";
				SWIFT_VERSION = 4.0;
				TARGETED_DEVICE_FAMILY = "1,2";
			};
			name = Debug;
		};
		A03F75F1207F4A370091BF2E /* Release */ = {
			isa = XCBuildConfiguration;
			buildSettings = {
				ASSETCATALOG_COMPILER_APPICON_NAME = AppIcon;
				CODE_SIGN_STYLE = Automatic;
				DEVELOPMENT_TEAM = QN4T2H2RS6;
				INFOPLIST_FILE = MarbletrackBuildingGuide/Info.plist;
				LD_RUNPATH_SEARCH_PATHS = (
					"$(inherited)",
					"@executable_path/Frameworks",
				);
				PRODUCT_BUNDLE_IDENTIFIER = ch.hslu.pawi.MarbletrackBuildingGuide;
				PRODUCT_NAME = "$(TARGET_NAME)";
				SWIFT_VERSION = 4.0;
				TARGETED_DEVICE_FAMILY = "1,2";
			};
			name = Release;
		};
		A03F75F3207F4A370091BF2E /* Debug */ = {
			isa = XCBuildConfiguration;
			buildSettings = {
				ALWAYS_EMBED_SWIFT_STANDARD_LIBRARIES = YES;
				BUNDLE_LOADER = "$(TEST_HOST)";
				CODE_SIGN_STYLE = Automatic;
				DEVELOPMENT_TEAM = QN4T2H2RS6;
				INFOPLIST_FILE = MarbletrackBuildingGuideTests/Info.plist;
				LD_RUNPATH_SEARCH_PATHS = (
					"$(inherited)",
					"@executable_path/Frameworks",
					"@loader_path/Frameworks",
				);
				PRODUCT_BUNDLE_IDENTIFIER = ch.hslu.pawi.MarbletrackBuildingGuideTests;
				PRODUCT_NAME = "$(TARGET_NAME)";
				SWIFT_VERSION = 4.0;
				TARGETED_DEVICE_FAMILY = "1,2";
				TEST_HOST = "$(BUILT_PRODUCTS_DIR)/MarbletrackBuildingGuide.app/MarbletrackBuildingGuide";
			};
			name = Debug;
		};
		A03F75F4207F4A370091BF2E /* Release */ = {
			isa = XCBuildConfiguration;
			buildSettings = {
				ALWAYS_EMBED_SWIFT_STANDARD_LIBRARIES = YES;
				BUNDLE_LOADER = "$(TEST_HOST)";
				CODE_SIGN_STYLE = Automatic;
				DEVELOPMENT_TEAM = QN4T2H2RS6;
				INFOPLIST_FILE = MarbletrackBuildingGuideTests/Info.plist;
				LD_RUNPATH_SEARCH_PATHS = (
					"$(inherited)",
					"@executable_path/Frameworks",
					"@loader_path/Frameworks",
				);
				PRODUCT_BUNDLE_IDENTIFIER = ch.hslu.pawi.MarbletrackBuildingGuideTests;
				PRODUCT_NAME = "$(TARGET_NAME)";
				SWIFT_VERSION = 4.0;
				TARGETED_DEVICE_FAMILY = "1,2";
				TEST_HOST = "$(BUILT_PRODUCTS_DIR)/MarbletrackBuildingGuide.app/MarbletrackBuildingGuide";
			};
			name = Release;
		};
/* End XCBuildConfiguration section */

/* Begin XCConfigurationList section */
		A03F75CB207F4A340091BF2E /* Build configuration list for PBXProject "MarbletrackBuildingGuide" */ = {
			isa = XCConfigurationList;
			buildConfigurations = (
				A03F75ED207F4A370091BF2E /* Debug */,
				A03F75EE207F4A370091BF2E /* Release */,
			);
			defaultConfigurationIsVisible = 0;
			defaultConfigurationName = Release;
		};
		A03F75EF207F4A370091BF2E /* Build configuration list for PBXNativeTarget "MarbletrackBuildingGuide" */ = {
			isa = XCConfigurationList;
			buildConfigurations = (
				A03F75F0207F4A370091BF2E /* Debug */,
				A03F75F1207F4A370091BF2E /* Release */,
			);
			defaultConfigurationIsVisible = 0;
			defaultConfigurationName = Release;
		};
		A03F75F2207F4A370091BF2E /* Build configuration list for PBXNativeTarget "MarbletrackBuildingGuideTests" */ = {
			isa = XCConfigurationList;
			buildConfigurations = (
				A03F75F3207F4A370091BF2E /* Debug */,
				A03F75F4207F4A370091BF2E /* Release */,
			);
			defaultConfigurationIsVisible = 0;
			defaultConfigurationName = Release;
		};
/* End XCConfigurationList section */
	};
	rootObject = A03F75C8207F4A340091BF2E /* Project object */;
}
