// !$*UTF8*$!
{
	archiveVersion = 1;
	classes = {
	};
	objectVersion = 48;
	objects = {

/* Begin PBXBuildFile section */
		A09EC20C2069373F001F1A13 /* BasicCube.swift in Sources */ = {isa = PBXBuildFile; fileRef = A09EC20B2069373F001F1A13 /* BasicCube.swift */; };
		A0D27B26205A777B00F97172 /* AppDelegate.swift in Sources */ = {isa = PBXBuildFile; fileRef = A0D27B25205A777B00F97172 /* AppDelegate.swift */; };
		A0D27B28205A777B00F97172 /* art.scnassets in Resources */ = {isa = PBXBuildFile; fileRef = A0D27B27205A777B00F97172 /* art.scnassets */; };
		A0D27B2A205A777B00F97172 /* ViewController.swift in Sources */ = {isa = PBXBuildFile; fileRef = A0D27B29205A777B00F97172 /* ViewController.swift */; };
		A0D27B2D205A777B00F97172 /* Main.storyboard in Resources */ = {isa = PBXBuildFile; fileRef = A0D27B2B205A777B00F97172 /* Main.storyboard */; };
		A0D27B2F205A777B00F97172 /* Assets.xcassets in Resources */ = {isa = PBXBuildFile; fileRef = A0D27B2E205A777B00F97172 /* Assets.xcassets */; };
		A0D27B32205A777B00F97172 /* LaunchScreen.storyboard in Resources */ = {isa = PBXBuildFile; fileRef = A0D27B30205A777B00F97172 /* LaunchScreen.storyboard */; };
/* End PBXBuildFile section */

/* Begin PBXFileReference section */
		A09EC20B2069373F001F1A13 /* BasicCube.swift */ = {isa = PBXFileReference; lastKnownFileType = sourcecode.swift; path = BasicCube.swift; sourceTree = "<group>"; };
		A0D27B22205A777B00F97172 /* SceneKit Kugelbahn Prototype.app */ = {isa = PBXFileReference; explicitFileType = wrapper.application; includeInIndex = 0; path = "SceneKit Kugelbahn Prototype.app"; sourceTree = BUILT_PRODUCTS_DIR; };
		A0D27B25205A777B00F97172 /* AppDelegate.swift */ = {isa = PBXFileReference; lastKnownFileType = sourcecode.swift; path = AppDelegate.swift; sourceTree = "<group>"; };
		A0D27B27205A777B00F97172 /* art.scnassets */ = {isa = PBXFileReference; lastKnownFileType = wrapper.scnassets; path = art.scnassets; sourceTree = "<group>"; };
		A0D27B29205A777B00F97172 /* ViewController.swift */ = {isa = PBXFileReference; lastKnownFileType = sourcecode.swift; path = ViewController.swift; sourceTree = "<group>"; };
		A0D27B2C205A777B00F97172 /* Base */ = {isa = PBXFileReference; lastKnownFileType = file.storyboard; name = Base; path = Base.lproj/Main.storyboard; sourceTree = "<group>"; };
		A0D27B2E205A777B00F97172 /* Assets.xcassets */ = {isa = PBXFileReference; lastKnownFileType = folder.assetcatalog; path = Assets.xcassets; sourceTree = "<group>"; };
		A0D27B31205A777B00F97172 /* Base */ = {isa = PBXFileReference; lastKnownFileType = file.storyboard; name = Base; path = Base.lproj/LaunchScreen.storyboard; sourceTree = "<group>"; };
		A0D27B33205A777B00F97172 /* Info.plist */ = {isa = PBXFileReference; lastKnownFileType = text.plist.xml; path = Info.plist; sourceTree = "<group>"; };
/* End PBXFileReference section */

/* Begin PBXFrameworksBuildPhase section */
		A0D27B1F205A777B00F97172 /* Frameworks */ = {
			isa = PBXFrameworksBuildPhase;
			buildActionMask = 2147483647;
			files = (
			);
			runOnlyForDeploymentPostprocessing = 0;
		};
/* End PBXFrameworksBuildPhase section */

/* Begin PBXGroup section */
		A0D27B19205A777B00F97172 = {
			isa = PBXGroup;
			children = (
				A0D27B24205A777B00F97172 /* SceneKit Kugelbahn Prototype */,
				A0D27B23205A777B00F97172 /* Products */,
			);
			sourceTree = "<group>";
		};
		A0D27B23205A777B00F97172 /* Products */ = {
			isa = PBXGroup;
			children = (
				A0D27B22205A777B00F97172 /* SceneKit Kugelbahn Prototype.app */,
			);
			name = Products;
			sourceTree = "<group>";
		};
		A0D27B24205A777B00F97172 /* SceneKit Kugelbahn Prototype */ = {
			isa = PBXGroup;
			children = (
				A0D27B25205A777B00F97172 /* AppDelegate.swift */,
				A0D27B27205A777B00F97172 /* art.scnassets */,
				A0D27B29205A777B00F97172 /* ViewController.swift */,
				A09EC20B2069373F001F1A13 /* BasicCube.swift */,
				A0D27B2B205A777B00F97172 /* Main.storyboard */,
				A0D27B2E205A777B00F97172 /* Assets.xcassets */,
				A0D27B30205A777B00F97172 /* LaunchScreen.storyboard */,
				A0D27B33205A777B00F97172 /* Info.plist */,
			);
			path = "SceneKit Kugelbahn Prototype";
			sourceTree = "<group>";
		};
/* End PBXGroup section */

/* Begin PBXNativeTarget section */
		A0D27B21205A777B00F97172 /* SceneKit Kugelbahn Prototype */ = {
			isa = PBXNativeTarget;
			buildConfigurationList = A0D27B36205A777B00F97172 /* Build configuration list for PBXNativeTarget "SceneKit Kugelbahn Prototype" */;
			buildPhases = (
				A0D27B1E205A777B00F97172 /* Sources */,
				A0D27B1F205A777B00F97172 /* Frameworks */,
				A0D27B20205A777B00F97172 /* Resources */,
			);
			buildRules = (
			);
			dependencies = (
			);
			name = "SceneKit Kugelbahn Prototype";
			productName = "SceneKit Kugelbahn Prototype";
			productReference = A0D27B22205A777B00F97172 /* SceneKit Kugelbahn Prototype.app */;
			productType = "com.apple.product-type.application";
		};
/* End PBXNativeTarget section */

/* Begin PBXProject section */
		A0D27B1A205A777B00F97172 /* Project object */ = {
			isa = PBXProject;
			attributes = {
				LastSwiftUpdateCheck = 0920;
				LastUpgradeCheck = 0920;
				ORGANIZATIONNAME = hslu;
				TargetAttributes = {
					A0D27B21205A777B00F97172 = {
						CreatedOnToolsVersion = 9.2;
						ProvisioningStyle = Automatic;
					};
				};
			};
			buildConfigurationList = A0D27B1D205A777B00F97172 /* Build configuration list for PBXProject "SceneKit Kugelbahn Prototype" */;
			compatibilityVersion = "Xcode 8.0";
			developmentRegion = en;
			hasScannedForEncodings = 0;
			knownRegions = (
				en,
				Base,
			);
			mainGroup = A0D27B19205A777B00F97172;
			productRefGroup = A0D27B23205A777B00F97172 /* Products */;
			projectDirPath = "";
			projectRoot = "";
			targets = (
				A0D27B21205A777B00F97172 /* SceneKit Kugelbahn Prototype */,
			);
		};
/* End PBXProject section */

/* Begin PBXResourcesBuildPhase section */
		A0D27B20205A777B00F97172 /* Resources */ = {
			isa = PBXResourcesBuildPhase;
			buildActionMask = 2147483647;
			files = (
				A0D27B28205A777B00F97172 /* art.scnassets in Resources */,
				A0D27B32205A777B00F97172 /* LaunchScreen.storyboard in Resources */,
				A0D27B2F205A777B00F97172 /* Assets.xcassets in Resources */,
				A0D27B2D205A777B00F97172 /* Main.storyboard in Resources */,
			);
			runOnlyForDeploymentPostprocessing = 0;
		};
/* End PBXResourcesBuildPhase section */

/* Begin PBXSourcesBuildPhase section */
		A0D27B1E205A777B00F97172 /* Sources */ = {
			isa = PBXSourcesBuildPhase;
			buildActionMask = 2147483647;
			files = (
				A0D27B2A205A777B00F97172 /* ViewController.swift in Sources */,
				A09EC20C2069373F001F1A13 /* BasicCube.swift in Sources */,
				A0D27B26205A777B00F97172 /* AppDelegate.swift in Sources */,
			);
			runOnlyForDeploymentPostprocessing = 0;
		};
/* End PBXSourcesBuildPhase section */

/* Begin PBXVariantGroup section */
		A0D27B2B205A777B00F97172 /* Main.storyboard */ = {
			isa = PBXVariantGroup;
			children = (
				A0D27B2C205A777B00F97172 /* Base */,
			);
			name = Main.storyboard;
			sourceTree = "<group>";
		};
		A0D27B30205A777B00F97172 /* LaunchScreen.storyboard */ = {
			isa = PBXVariantGroup;
			children = (
				A0D27B31205A777B00F97172 /* Base */,
			);
			name = LaunchScreen.storyboard;
			sourceTree = "<group>";
		};
/* End PBXVariantGroup section */

/* Begin XCBuildConfiguration section */
		A0D27B34205A777B00F97172 /* Debug */ = {
			isa = XCBuildConfiguration;
			buildSettings = {
				ALWAYS_SEARCH_USER_PATHS = NO;
				CLANG_ANALYZER_NONNULL = YES;
				CLANG_ANALYZER_NUMBER_OBJECT_CONVERSION = YES_AGGRESSIVE;
				CLANG_CXX_LANGUAGE_STANDARD = "gnu++14";
				CLANG_CXX_LIBRARY = "libc++";
				CLANG_ENABLE_MODULES = YES;
				CLANG_ENABLE_OBJC_ARC = YES;
				CLANG_WARN_BLOCK_CAPTURE_AUTORELEASING = YES;
				CLANG_WARN_BOOL_CONVERSION = YES;
				CLANG_WARN_COMMA = YES;
				CLANG_WARN_CONSTANT_CONVERSION = YES;
				CLANG_WARN_DIRECT_OBJC_ISA_USAGE = YES_ERROR;
				CLANG_WARN_DOCUMENTATION_COMMENTS = YES;
				CLANG_WARN_EMPTY_BODY = YES;
				CLANG_WARN_ENUM_CONVERSION = YES;
				CLANG_WARN_INFINITE_RECURSION = YES;
				CLANG_WARN_INT_CONVERSION = YES;
				CLANG_WARN_NON_LITERAL_NULL_CONVERSION = YES;
				CLANG_WARN_OBJC_LITERAL_CONVERSION = YES;
				CLANG_WARN_OBJC_ROOT_CLASS = YES_ERROR;
				CLANG_WARN_RANGE_LOOP_ANALYSIS = YES;
				CLANG_WARN_STRICT_PROTOTYPES = YES;
				CLANG_WARN_SUSPICIOUS_MOVE = YES;
				CLANG_WARN_UNGUARDED_AVAILABILITY = YES_AGGRESSIVE;
				CLANG_WARN_UNREACHABLE_CODE = YES;
				CLANG_WARN__DUPLICATE_METHOD_MATCH = YES;
				CODE_SIGN_IDENTITY = "iPhone Developer";
				COPY_PHASE_STRIP = NO;
				DEBUG_INFORMATION_FORMAT = dwarf;
				ENABLE_STRICT_OBJC_MSGSEND = YES;
				ENABLE_TESTABILITY = YES;
				GCC_C_LANGUAGE_STANDARD = gnu11;
				GCC_DYNAMIC_NO_PIC = NO;
				GCC_NO_COMMON_BLOCKS = YES;
				GCC_OPTIMIZATION_LEVEL = 0;
				GCC_PREPROCESSOR_DEFINITIONS = (
					"DEBUG=1",
					"$(inherited)",
				);
				GCC_WARN_64_TO_32_BIT_CONVERSION = YES;
				GCC_WARN_ABOUT_RETURN_TYPE = YES_ERROR;
				GCC_WARN_UNDECLARED_SELECTOR = YES;
				GCC_WARN_UNINITIALIZED_AUTOS = YES_AGGRESSIVE;
				GCC_WARN_UNUSED_FUNCTION = YES;
				GCC_WARN_UNUSED_VARIABLE = YES;
				IPHONEOS_DEPLOYMENT_TARGET = 11.2;
				MTL_ENABLE_DEBUG_INFO = YES;
				ONLY_ACTIVE_ARCH = YES;
				SDKROOT = iphoneos;
				SWIFT_ACTIVE_COMPILATION_CONDITIONS = DEBUG;
				SWIFT_OPTIMIZATION_LEVEL = "-Onone";
			};
			name = Debug;
		};
		A0D27B35205A777B00F97172 /* Release */ = {
			isa = XCBuildConfiguration;
			buildSettings = {
				ALWAYS_SEARCH_USER_PATHS = NO;
				CLANG_ANALYZER_NONNULL = YES;
				CLANG_ANALYZER_NUMBER_OBJECT_CONVERSION = YES_AGGRESSIVE;
				CLANG_CXX_LANGUAGE_STANDARD = "gnu++14";
				CLANG_CXX_LIBRARY = "libc++";
				CLANG_ENABLE_MODULES = YES;
				CLANG_ENABLE_OBJC_ARC = YES;
				CLANG_WARN_BLOCK_CAPTURE_AUTORELEASING = YES;
				CLANG_WARN_BOOL_CONVERSION = YES;
				CLANG_WARN_COMMA = YES;
				CLANG_WARN_CONSTANT_CONVERSION = YES;
				CLANG_WARN_DIRECT_OBJC_ISA_USAGE = YES_ERROR;
				CLANG_WARN_DOCUMENTATION_COMMENTS = YES;
				CLANG_WARN_EMPTY_BODY = YES;
				CLANG_WARN_ENUM_CONVERSION = YES;
				CLANG_WARN_INFINITE_RECURSION = YES;
				CLANG_WARN_INT_CONVERSION = YES;
				CLANG_WARN_NON_LITERAL_NULL_CONVERSION = YES;
				CLANG_WARN_OBJC_LITERAL_CONVERSION = YES;
				CLANG_WARN_OBJC_ROOT_CLASS = YES_ERROR;
				CLANG_WARN_RANGE_LOOP_ANALYSIS = YES;
				CLANG_WARN_STRICT_PROTOTYPES = YES;
				CLANG_WARN_SUSPICIOUS_MOVE = YES;
				CLANG_WARN_UNGUARDED_AVAILABILITY = YES_AGGRESSIVE;
				CLANG_WARN_UNREACHABLE_CODE = YES;
				CLANG_WARN__DUPLICATE_METHOD_MATCH = YES;
				CODE_SIGN_IDENTITY = "iPhone Developer";
				COPY_PHASE_STRIP = NO;
				DEBUG_INFORMATION_FORMAT = "dwarf-with-dsym";
				ENABLE_NS_ASSERTIONS = NO;
				ENABLE_STRICT_OBJC_MSGSEND = YES;
				GCC_C_LANGUAGE_STANDARD = gnu11;
				GCC_NO_COMMON_BLOCKS = YES;
				GCC_WARN_64_TO_32_BIT_CONVERSION = YES;
				GCC_WARN_ABOUT_RETURN_TYPE = YES_ERROR;
				GCC_WARN_UNDECLARED_SELECTOR = YES;
				GCC_WARN_UNINITIALIZED_AUTOS = YES_AGGRESSIVE;
				GCC_WARN_UNUSED_FUNCTION = YES;
				GCC_WARN_UNUSED_VARIABLE = YES;
				IPHONEOS_DEPLOYMENT_TARGET = 11.2;
				MTL_ENABLE_DEBUG_INFO = NO;
				SDKROOT = iphoneos;
				SWIFT_OPTIMIZATION_LEVEL = "-Owholemodule";
				VALIDATE_PRODUCT = YES;
			};
			name = Release;
		};
		A0D27B37205A777B00F97172 /* Debug */ = {
			isa = XCBuildConfiguration;
			buildSettings = {
				ASSETCATALOG_COMPILER_APPICON_NAME = AppIcon;
				CODE_SIGN_STYLE = Automatic;
				DEVELOPMENT_TEAM = QN4T2H2RS6;
				INFOPLIST_FILE = "SceneKit Kugelbahn Prototype/Info.plist";
				LD_RUNPATH_SEARCH_PATHS = "$(inherited) @executable_path/Frameworks";
				PRODUCT_BUNDLE_IDENTIFIER = "ch.hslu.pawi.SceneKit-Kugelbahn-Prototype";
				PRODUCT_NAME = "$(TARGET_NAME)";
				SWIFT_VERSION = 4.0;
				TARGETED_DEVICE_FAMILY = "1,2";
			};
			name = Debug;
		};
		A0D27B38205A777B00F97172 /* Release */ = {
			isa = XCBuildConfiguration;
			buildSettings = {
				ASSETCATALOG_COMPILER_APPICON_NAME = AppIcon;
				CODE_SIGN_STYLE = Automatic;
				DEVELOPMENT_TEAM = QN4T2H2RS6;
				INFOPLIST_FILE = "SceneKit Kugelbahn Prototype/Info.plist";
				LD_RUNPATH_SEARCH_PATHS = "$(inherited) @executable_path/Frameworks";
				PRODUCT_BUNDLE_IDENTIFIER = "ch.hslu.pawi.SceneKit-Kugelbahn-Prototype";
				PRODUCT_NAME = "$(TARGET_NAME)";
				SWIFT_VERSION = 4.0;
				TARGETED_DEVICE_FAMILY = "1,2";
			};
			name = Release;
		};
/* End XCBuildConfiguration section */

/* Begin XCConfigurationList section */
		A0D27B1D205A777B00F97172 /* Build configuration list for PBXProject "SceneKit Kugelbahn Prototype" */ = {
			isa = XCConfigurationList;
			buildConfigurations = (
				A0D27B34205A777B00F97172 /* Debug */,
				A0D27B35205A777B00F97172 /* Release */,
			);
			defaultConfigurationIsVisible = 0;
			defaultConfigurationName = Release;
		};
		A0D27B36205A777B00F97172 /* Build configuration list for PBXNativeTarget "SceneKit Kugelbahn Prototype" */ = {
			isa = XCConfigurationList;
			buildConfigurations = (
				A0D27B37205A777B00F97172 /* Debug */,
				A0D27B38205A777B00F97172 /* Release */,
			);
			defaultConfigurationIsVisible = 0;
			defaultConfigurationName = Release;
		};
/* End XCConfigurationList section */
	};
	rootObject = A0D27B1A205A777B00F97172 /* Project object */;
}
