// !$*UTF8*$!
{
	archiveVersion = 1;
	classes = {
	};
	objectVersion = 50;
	objects = {

/* Begin PBXBuildFile section */
		A006BF8920736845001D0FF7 /* MarbleTrack.swift in Sources */ = {isa = PBXBuildFile; fileRef = A006BF8820736845001D0FF7 /* MarbleTrack.swift */; };
		A02605B62073642B0056BEB7 /* BasicCube.swift in Sources */ = {isa = PBXBuildFile; fileRef = A02605B52073642B0056BEB7 /* BasicCube.swift */; };
		A04D34A82073608200E55F9A /* AppDelegate.swift in Sources */ = {isa = PBXBuildFile; fileRef = A04D34A72073608200E55F9A /* AppDelegate.swift */; };
		A04D34AA2073608200E55F9A /* art.scnassets in Resources */ = {isa = PBXBuildFile; fileRef = A04D34A92073608200E55F9A /* art.scnassets */; };
		A04D34AC2073608200E55F9A /* ViewController.swift in Sources */ = {isa = PBXBuildFile; fileRef = A04D34AB2073608200E55F9A /* ViewController.swift */; };
		A04D34AF2073608200E55F9A /* Main.storyboard in Resources */ = {isa = PBXBuildFile; fileRef = A04D34AD2073608200E55F9A /* Main.storyboard */; };
		A04D34B12073608300E55F9A /* Assets.xcassets in Resources */ = {isa = PBXBuildFile; fileRef = A04D34B02073608300E55F9A /* Assets.xcassets */; };
		A04D34B42073608300E55F9A /* LaunchScreen.storyboard in Resources */ = {isa = PBXBuildFile; fileRef = A04D34B22073608300E55F9A /* LaunchScreen.storyboard */; };
		A0A34AE8207A89F200AF7EFF /* TrackMap.swift in Sources */ = {isa = PBXBuildFile; fileRef = A0A34AE6207A89F200AF7EFF /* TrackMap.swift */; };
		A0A34AE9207A89F200AF7EFF /* Triple.swift in Sources */ = {isa = PBXBuildFile; fileRef = A0A34AE7207A89F200AF7EFF /* Triple.swift */; };
		A0A34AF3207A8A6A00AF7EFF /* virtuelle_kugelbahnTests.swift in Sources */ = {isa = PBXBuildFile; fileRef = A0A34AF2207A8A6A00AF7EFF /* virtuelle_kugelbahnTests.swift */; };
		A0A34AFC207A8A7500AF7EFF /* TrackMapTests.swift in Sources */ = {isa = PBXBuildFile; fileRef = A0A34AFA207A8A7500AF7EFF /* TrackMapTests.swift */; };
		A0A34AFD207A8A7500AF7EFF /* TripleTests.swift in Sources */ = {isa = PBXBuildFile; fileRef = A0A34AFB207A8A7500AF7EFF /* TripleTests.swift */; };
/* End PBXBuildFile section */

/* Begin PBXContainerItemProxy section */
		A0A34AF5207A8A6A00AF7EFF /* PBXContainerItemProxy */ = {
			isa = PBXContainerItemProxy;
			containerPortal = A04D349C2073608200E55F9A /* Project object */;
			proxyType = 1;
			remoteGlobalIDString = A04D34A32073608200E55F9A;
			remoteInfo = "virtuelle-kugelbahn";
		};
/* End PBXContainerItemProxy section */

/* Begin PBXFileReference section */
		A006BF8820736845001D0FF7 /* MarbleTrack.swift */ = {isa = PBXFileReference; lastKnownFileType = sourcecode.swift; path = MarbleTrack.swift; sourceTree = "<group>"; };
		A02605B52073642B0056BEB7 /* BasicCube.swift */ = {isa = PBXFileReference; fileEncoding = 4; lastKnownFileType = sourcecode.swift; path = BasicCube.swift; sourceTree = "<group>"; };
		A04D34A42073608200E55F9A /* virtuelle-kugelbahn.app */ = {isa = PBXFileReference; explicitFileType = wrapper.application; includeInIndex = 0; path = "virtuelle-kugelbahn.app"; sourceTree = BUILT_PRODUCTS_DIR; };
		A04D34A72073608200E55F9A /* AppDelegate.swift */ = {isa = PBXFileReference; lastKnownFileType = sourcecode.swift; path = AppDelegate.swift; sourceTree = "<group>"; };
		A04D34A92073608200E55F9A /* art.scnassets */ = {isa = PBXFileReference; lastKnownFileType = wrapper.scnassets; path = art.scnassets; sourceTree = "<group>"; };
		A04D34AB2073608200E55F9A /* ViewController.swift */ = {isa = PBXFileReference; lastKnownFileType = sourcecode.swift; path = ViewController.swift; sourceTree = "<group>"; };
		A04D34AE2073608200E55F9A /* Base */ = {isa = PBXFileReference; lastKnownFileType = file.storyboard; name = Base; path = Base.lproj/Main.storyboard; sourceTree = "<group>"; };
		A04D34B02073608300E55F9A /* Assets.xcassets */ = {isa = PBXFileReference; lastKnownFileType = folder.assetcatalog; path = Assets.xcassets; sourceTree = "<group>"; };
		A04D34B32073608300E55F9A /* Base */ = {isa = PBXFileReference; lastKnownFileType = file.storyboard; name = Base; path = Base.lproj/LaunchScreen.storyboard; sourceTree = "<group>"; };
		A04D34B52073608300E55F9A /* Info.plist */ = {isa = PBXFileReference; lastKnownFileType = text.plist.xml; path = Info.plist; sourceTree = "<group>"; };
		A0A34AE6207A89F200AF7EFF /* TrackMap.swift */ = {isa = PBXFileReference; fileEncoding = 4; lastKnownFileType = sourcecode.swift; path = TrackMap.swift; sourceTree = "<group>"; };
		A0A34AE7207A89F200AF7EFF /* Triple.swift */ = {isa = PBXFileReference; fileEncoding = 4; lastKnownFileType = sourcecode.swift; path = Triple.swift; sourceTree = "<group>"; };
		A0A34AF0207A8A6A00AF7EFF /* virtuelle-kugelbahnTests.xctest */ = {isa = PBXFileReference; explicitFileType = wrapper.cfbundle; includeInIndex = 0; path = "virtuelle-kugelbahnTests.xctest"; sourceTree = BUILT_PRODUCTS_DIR; };
		A0A34AF2207A8A6A00AF7EFF /* virtuelle_kugelbahnTests.swift */ = {isa = PBXFileReference; lastKnownFileType = sourcecode.swift; path = virtuelle_kugelbahnTests.swift; sourceTree = "<group>"; };
		A0A34AF4207A8A6A00AF7EFF /* Info.plist */ = {isa = PBXFileReference; lastKnownFileType = text.plist.xml; path = Info.plist; sourceTree = "<group>"; };
		A0A34AFA207A8A7500AF7EFF /* TrackMapTests.swift */ = {isa = PBXFileReference; lastKnownFileType = sourcecode.swift; path = TrackMapTests.swift; sourceTree = "<group>"; };
		A0A34AFB207A8A7500AF7EFF /* TripleTests.swift */ = {isa = PBXFileReference; lastKnownFileType = sourcecode.swift; path = TripleTests.swift; sourceTree = "<group>"; };
/* End PBXFileReference section */

/* Begin PBXFrameworksBuildPhase section */
		A04D34A12073608200E55F9A /* Frameworks */ = {
			isa = PBXFrameworksBuildPhase;
			buildActionMask = 2147483647;
			files = (
			);
			runOnlyForDeploymentPostprocessing = 0;
		};
		A0A34AED207A8A6A00AF7EFF /* Frameworks */ = {
			isa = PBXFrameworksBuildPhase;
			buildActionMask = 2147483647;
			files = (
			);
			runOnlyForDeploymentPostprocessing = 0;
		};
/* End PBXFrameworksBuildPhase section */

/* Begin PBXGroup section */
		A04D349B2073608200E55F9A = {
			isa = PBXGroup;
			children = (
				A04D34A62073608200E55F9A /* virtuelle-kugelbahn */,
				A0A34AF1207A8A6A00AF7EFF /* virtuelle-kugelbahnTests */,
				A04D34A52073608200E55F9A /* Products */,
			);
			sourceTree = "<group>";
		};
		A04D34A52073608200E55F9A /* Products */ = {
			isa = PBXGroup;
			children = (
				A04D34A42073608200E55F9A /* virtuelle-kugelbahn.app */,
				A0A34AF0207A8A6A00AF7EFF /* virtuelle-kugelbahnTests.xctest */,
			);
			name = Products;
			sourceTree = "<group>";
		};
		A04D34A62073608200E55F9A /* virtuelle-kugelbahn */ = {
			isa = PBXGroup;
			children = (
				A0A34AE6207A89F200AF7EFF /* TrackMap.swift */,
				A0A34AE7207A89F200AF7EFF /* Triple.swift */,
				A006BF8820736845001D0FF7 /* MarbleTrack.swift */,
				A02605B52073642B0056BEB7 /* BasicCube.swift */,
				A04D34A72073608200E55F9A /* AppDelegate.swift */,
				A04D34A92073608200E55F9A /* art.scnassets */,
				A04D34AB2073608200E55F9A /* ViewController.swift */,
				A04D34AD2073608200E55F9A /* Main.storyboard */,
				A04D34B02073608300E55F9A /* Assets.xcassets */,
				A04D34B22073608300E55F9A /* LaunchScreen.storyboard */,
				A04D34B52073608300E55F9A /* Info.plist */,
			);
			path = "virtuelle-kugelbahn";
			sourceTree = "<group>";
		};
		A0A34AF1207A8A6A00AF7EFF /* virtuelle-kugelbahnTests */ = {
			isa = PBXGroup;
			children = (
				A0A34AFA207A8A7500AF7EFF /* TrackMapTests.swift */,
				A0A34AFB207A8A7500AF7EFF /* TripleTests.swift */,
				A0A34AF2207A8A6A00AF7EFF /* virtuelle_kugelbahnTests.swift */,
				A0A34AF4207A8A6A00AF7EFF /* Info.plist */,
			);
			path = "virtuelle-kugelbahnTests";
			sourceTree = "<group>";
		};
/* End PBXGroup section */

/* Begin PBXNativeTarget section */
		A04D34A32073608200E55F9A /* virtuelle-kugelbahn */ = {
			isa = PBXNativeTarget;
			buildConfigurationList = A04D34B82073608300E55F9A /* Build configuration list for PBXNativeTarget "virtuelle-kugelbahn" */;
			buildPhases = (
				A04D34A02073608200E55F9A /* Sources */,
				A04D34A12073608200E55F9A /* Frameworks */,
				A04D34A22073608200E55F9A /* Resources */,
			);
			buildRules = (
			);
			dependencies = (
			);
			name = "virtuelle-kugelbahn";
			productName = "virtuelle-kugelbahn";
			productReference = A04D34A42073608200E55F9A /* virtuelle-kugelbahn.app */;
			productType = "com.apple.product-type.application";
		};
		A0A34AEF207A8A6A00AF7EFF /* virtuelle-kugelbahnTests */ = {
			isa = PBXNativeTarget;
			buildConfigurationList = A0A34AF7207A8A6A00AF7EFF /* Build configuration list for PBXNativeTarget "virtuelle-kugelbahnTests" */;
			buildPhases = (
				A0A34AEC207A8A6A00AF7EFF /* Sources */,
				A0A34AED207A8A6A00AF7EFF /* Frameworks */,
				A0A34AEE207A8A6A00AF7EFF /* Resources */,
			);
			buildRules = (
			);
			dependencies = (
				A0A34AF6207A8A6A00AF7EFF /* PBXTargetDependency */,
			);
			name = "virtuelle-kugelbahnTests";
			productName = "virtuelle-kugelbahnTests";
			productReference = A0A34AF0207A8A6A00AF7EFF /* virtuelle-kugelbahnTests.xctest */;
			productType = "com.apple.product-type.bundle.unit-test";
		};
/* End PBXNativeTarget section */

/* Begin PBXProject section */
		A04D349C2073608200E55F9A /* Project object */ = {
			isa = PBXProject;
			attributes = {
				LastSwiftUpdateCheck = 0930;
				LastUpgradeCheck = 0930;
				ORGANIZATIONNAME = hslu;
				TargetAttributes = {
					A04D34A32073608200E55F9A = {
						CreatedOnToolsVersion = 9.3;
					};
					A0A34AEF207A8A6A00AF7EFF = {
						CreatedOnToolsVersion = 9.3;
						TestTargetID = A04D34A32073608200E55F9A;
					};
				};
			};
			buildConfigurationList = A04D349F2073608200E55F9A /* Build configuration list for PBXProject "virtuelle-kugelbahn" */;
			compatibilityVersion = "Xcode 9.3";
			developmentRegion = en;
			hasScannedForEncodings = 0;
			knownRegions = (
				en,
				Base,
			);
			mainGroup = A04D349B2073608200E55F9A;
			productRefGroup = A04D34A52073608200E55F9A /* Products */;
			projectDirPath = "";
			projectRoot = "";
			targets = (
				A04D34A32073608200E55F9A /* virtuelle-kugelbahn */,
				A0A34AEF207A8A6A00AF7EFF /* virtuelle-kugelbahnTests */,
			);
		};
/* End PBXProject section */

/* Begin PBXResourcesBuildPhase section */
		A04D34A22073608200E55F9A /* Resources */ = {
			isa = PBXResourcesBuildPhase;
			buildActionMask = 2147483647;
			files = (
				A04D34AA2073608200E55F9A /* art.scnassets in Resources */,
				A04D34B42073608300E55F9A /* LaunchScreen.storyboard in Resources */,
				A04D34B12073608300E55F9A /* Assets.xcassets in Resources */,
				A04D34AF2073608200E55F9A /* Main.storyboard in Resources */,
			);
			runOnlyForDeploymentPostprocessing = 0;
		};
		A0A34AEE207A8A6A00AF7EFF /* Resources */ = {
			isa = PBXResourcesBuildPhase;
			buildActionMask = 2147483647;
			files = (
			);
			runOnlyForDeploymentPostprocessing = 0;
		};
/* End PBXResourcesBuildPhase section */

/* Begin PBXSourcesBuildPhase section */
		A04D34A02073608200E55F9A /* Sources */ = {
			isa = PBXSourcesBuildPhase;
			buildActionMask = 2147483647;
			files = (
				A006BF8920736845001D0FF7 /* MarbleTrack.swift in Sources */,
				A04D34AC2073608200E55F9A /* ViewController.swift in Sources */,
				A0A34AE8207A89F200AF7EFF /* TrackMap.swift in Sources */,
				A0A34AE9207A89F200AF7EFF /* Triple.swift in Sources */,
				A02605B62073642B0056BEB7 /* BasicCube.swift in Sources */,
				A04D34A82073608200E55F9A /* AppDelegate.swift in Sources */,
			);
			runOnlyForDeploymentPostprocessing = 0;
		};
		A0A34AEC207A8A6A00AF7EFF /* Sources */ = {
			isa = PBXSourcesBuildPhase;
			buildActionMask = 2147483647;
			files = (
				A0A34AFC207A8A7500AF7EFF /* TrackMapTests.swift in Sources */,
				A0A34AF3207A8A6A00AF7EFF /* virtuelle_kugelbahnTests.swift in Sources */,
				A0A34AFD207A8A7500AF7EFF /* TripleTests.swift in Sources */,
			);
			runOnlyForDeploymentPostprocessing = 0;
		};
/* End PBXSourcesBuildPhase section */

/* Begin PBXTargetDependency section */
		A0A34AF6207A8A6A00AF7EFF /* PBXTargetDependency */ = {
			isa = PBXTargetDependency;
			target = A04D34A32073608200E55F9A /* virtuelle-kugelbahn */;
			targetProxy = A0A34AF5207A8A6A00AF7EFF /* PBXContainerItemProxy */;
		};
/* End PBXTargetDependency section */

/* Begin PBXVariantGroup section */
		A04D34AD2073608200E55F9A /* Main.storyboard */ = {
			isa = PBXVariantGroup;
			children = (
				A04D34AE2073608200E55F9A /* Base */,
			);
			name = Main.storyboard;
			sourceTree = "<group>";
		};
		A04D34B22073608300E55F9A /* LaunchScreen.storyboard */ = {
			isa = PBXVariantGroup;
			children = (
				A04D34B32073608300E55F9A /* Base */,
			);
			name = LaunchScreen.storyboard;
			sourceTree = "<group>";
		};
/* End PBXVariantGroup section */

/* Begin XCBuildConfiguration section */
		A04D34B62073608300E55F9A /* Debug */ = {
			isa = XCBuildConfiguration;
			buildSettings = {
				ALWAYS_SEARCH_USER_PATHS = NO;
				CLANG_ANALYZER_NONNULL = YES;
				CLANG_ANALYZER_NUMBER_OBJECT_CONVERSION = YES_AGGRESSIVE;
				CLANG_CXX_LANGUAGE_STANDARD = "gnu++14";
				CLANG_CXX_LIBRARY = "libc++";
				CLANG_ENABLE_MODULES = YES;
				CLANG_ENABLE_OBJC_ARC = YES;
				CLANG_ENABLE_OBJC_WEAK = YES;
				CLANG_WARN_BLOCK_CAPTURE_AUTORELEASING = YES;
				CLANG_WARN_BOOL_CONVERSION = YES;
				CLANG_WARN_COMMA = YES;
				CLANG_WARN_CONSTANT_CONVERSION = YES;
				CLANG_WARN_DEPRECATED_OBJC_IMPLEMENTATIONS = YES;
				CLANG_WARN_DIRECT_OBJC_ISA_USAGE = YES_ERROR;
				CLANG_WARN_DOCUMENTATION_COMMENTS = YES;
				CLANG_WARN_EMPTY_BODY = YES;
				CLANG_WARN_ENUM_CONVERSION = YES;
				CLANG_WARN_INFINITE_RECURSION = YES;
				CLANG_WARN_INT_CONVERSION = YES;
				CLANG_WARN_NON_LITERAL_NULL_CONVERSION = YES;
				CLANG_WARN_OBJC_IMPLICIT_RETAIN_SELF = YES;
				CLANG_WARN_OBJC_LITERAL_CONVERSION = YES;
				CLANG_WARN_OBJC_ROOT_CLASS = YES_ERROR;
				CLANG_WARN_RANGE_LOOP_ANALYSIS = YES;
				CLANG_WARN_STRICT_PROTOTYPES = YES;
				CLANG_WARN_SUSPICIOUS_MOVE = YES;
				CLANG_WARN_UNGUARDED_AVAILABILITY = YES_AGGRESSIVE;
				CLANG_WARN_UNREACHABLE_CODE = YES;
				CLANG_WARN__DUPLICATE_METHOD_MATCH = YES;
				CODE_SIGN_IDENTITY = "iPhone Developer";
				COPY_PHASE_STRIP = NO;
				DEBUG_INFORMATION_FORMAT = dwarf;
				ENABLE_STRICT_OBJC_MSGSEND = YES;
				ENABLE_TESTABILITY = YES;
				GCC_C_LANGUAGE_STANDARD = gnu11;
				GCC_DYNAMIC_NO_PIC = NO;
				GCC_NO_COMMON_BLOCKS = YES;
				GCC_OPTIMIZATION_LEVEL = 0;
				GCC_PREPROCESSOR_DEFINITIONS = (
					"DEBUG=1",
					"$(inherited)",
				);
				GCC_WARN_64_TO_32_BIT_CONVERSION = YES;
				GCC_WARN_ABOUT_RETURN_TYPE = YES_ERROR;
				GCC_WARN_UNDECLARED_SELECTOR = YES;
				GCC_WARN_UNINITIALIZED_AUTOS = YES_AGGRESSIVE;
				GCC_WARN_UNUSED_FUNCTION = YES;
				GCC_WARN_UNUSED_VARIABLE = YES;
				IPHONEOS_DEPLOYMENT_TARGET = 11.3;
				MTL_ENABLE_DEBUG_INFO = YES;
				ONLY_ACTIVE_ARCH = YES;
				SDKROOT = iphoneos;
				SWIFT_ACTIVE_COMPILATION_CONDITIONS = DEBUG;
				SWIFT_OPTIMIZATION_LEVEL = "-Onone";
			};
			name = Debug;
		};
		A04D34B72073608300E55F9A /* Release */ = {
			isa = XCBuildConfiguration;
			buildSettings = {
				ALWAYS_SEARCH_USER_PATHS = NO;
				CLANG_ANALYZER_NONNULL = YES;
				CLANG_ANALYZER_NUMBER_OBJECT_CONVERSION = YES_AGGRESSIVE;
				CLANG_CXX_LANGUAGE_STANDARD = "gnu++14";
				CLANG_CXX_LIBRARY = "libc++";
				CLANG_ENABLE_MODULES = YES;
				CLANG_ENABLE_OBJC_ARC = YES;
				CLANG_ENABLE_OBJC_WEAK = YES;
				CLANG_WARN_BLOCK_CAPTURE_AUTORELEASING = YES;
				CLANG_WARN_BOOL_CONVERSION = YES;
				CLANG_WARN_COMMA = YES;
				CLANG_WARN_CONSTANT_CONVERSION = YES;
				CLANG_WARN_DEPRECATED_OBJC_IMPLEMENTATIONS = YES;
				CLANG_WARN_DIRECT_OBJC_ISA_USAGE = YES_ERROR;
				CLANG_WARN_DOCUMENTATION_COMMENTS = YES;
				CLANG_WARN_EMPTY_BODY = YES;
				CLANG_WARN_ENUM_CONVERSION = YES;
				CLANG_WARN_INFINITE_RECURSION = YES;
				CLANG_WARN_INT_CONVERSION = YES;
				CLANG_WARN_NON_LITERAL_NULL_CONVERSION = YES;
				CLANG_WARN_OBJC_IMPLICIT_RETAIN_SELF = YES;
				CLANG_WARN_OBJC_LITERAL_CONVERSION = YES;
				CLANG_WARN_OBJC_ROOT_CLASS = YES_ERROR;
				CLANG_WARN_RANGE_LOOP_ANALYSIS = YES;
				CLANG_WARN_STRICT_PROTOTYPES = YES;
				CLANG_WARN_SUSPICIOUS_MOVE = YES;
				CLANG_WARN_UNGUARDED_AVAILABILITY = YES_AGGRESSIVE;
				CLANG_WARN_UNREACHABLE_CODE = YES;
				CLANG_WARN__DUPLICATE_METHOD_MATCH = YES;
				CODE_SIGN_IDENTITY = "iPhone Developer";
				COPY_PHASE_STRIP = NO;
				DEBUG_INFORMATION_FORMAT = "dwarf-with-dsym";
				ENABLE_NS_ASSERTIONS = NO;
				ENABLE_STRICT_OBJC_MSGSEND = YES;
				GCC_C_LANGUAGE_STANDARD = gnu11;
				GCC_NO_COMMON_BLOCKS = YES;
				GCC_WARN_64_TO_32_BIT_CONVERSION = YES;
				GCC_WARN_ABOUT_RETURN_TYPE = YES_ERROR;
				GCC_WARN_UNDECLARED_SELECTOR = YES;
				GCC_WARN_UNINITIALIZED_AUTOS = YES_AGGRESSIVE;
				GCC_WARN_UNUSED_FUNCTION = YES;
				GCC_WARN_UNUSED_VARIABLE = YES;
				IPHONEOS_DEPLOYMENT_TARGET = 11.3;
				MTL_ENABLE_DEBUG_INFO = NO;
				SDKROOT = iphoneos;
				SWIFT_COMPILATION_MODE = wholemodule;
				SWIFT_OPTIMIZATION_LEVEL = "-O";
				VALIDATE_PRODUCT = YES;
			};
			name = Release;
		};
		A04D34B92073608300E55F9A /* Debug */ = {
			isa = XCBuildConfiguration;
			buildSettings = {
				ASSETCATALOG_COMPILER_APPICON_NAME = AppIcon;
				CODE_SIGN_STYLE = Automatic;
				DEVELOPMENT_TEAM = QN4T2H2RS6;
				INFOPLIST_FILE = "virtuelle-kugelbahn/Info.plist";
				LD_RUNPATH_SEARCH_PATHS = (
					"$(inherited)",
					"@executable_path/Frameworks",
				);
				PRODUCT_BUNDLE_IDENTIFIER = "ch.hslu.pawi.virtuelle-kugelbahn";
				PRODUCT_NAME = "$(TARGET_NAME)";
				SWIFT_VERSION = 4.0;
				TARGETED_DEVICE_FAMILY = "1,2";
			};
			name = Debug;
		};
		A04D34BA2073608300E55F9A /* Release */ = {
			isa = XCBuildConfiguration;
			buildSettings = {
				ASSETCATALOG_COMPILER_APPICON_NAME = AppIcon;
				CODE_SIGN_STYLE = Automatic;
				DEVELOPMENT_TEAM = QN4T2H2RS6;
				INFOPLIST_FILE = "virtuelle-kugelbahn/Info.plist";
				LD_RUNPATH_SEARCH_PATHS = (
					"$(inherited)",
					"@executable_path/Frameworks",
				);
				PRODUCT_BUNDLE_IDENTIFIER = "ch.hslu.pawi.virtuelle-kugelbahn";
				PRODUCT_NAME = "$(TARGET_NAME)";
				SWIFT_VERSION = 4.0;
				TARGETED_DEVICE_FAMILY = "1,2";
			};
			name = Release;
		};
		A0A34AF8207A8A6A00AF7EFF /* Debug */ = {
			isa = XCBuildConfiguration;
			buildSettings = {
				BUNDLE_LOADER = "$(TEST_HOST)";
				CODE_SIGN_STYLE = Automatic;
				DEVELOPMENT_TEAM = QN4T2H2RS6;
				INFOPLIST_FILE = "virtuelle-kugelbahnTests/Info.plist";
				LD_RUNPATH_SEARCH_PATHS = (
					"$(inherited)",
					"@executable_path/Frameworks",
					"@loader_path/Frameworks",
				);
				PRODUCT_BUNDLE_IDENTIFIER = "ch.hslu.pawi.virtuelle-kugelbahnTests";
				PRODUCT_NAME = "$(TARGET_NAME)";
				SWIFT_VERSION = 4.0;
				TARGETED_DEVICE_FAMILY = "1,2";
				TEST_HOST = "$(BUILT_PRODUCTS_DIR)/virtuelle-kugelbahn.app/virtuelle-kugelbahn";
			};
			name = Debug;
		};
		A0A34AF9207A8A6A00AF7EFF /* Release */ = {
			isa = XCBuildConfiguration;
			buildSettings = {
				BUNDLE_LOADER = "$(TEST_HOST)";
				CODE_SIGN_STYLE = Automatic;
				DEVELOPMENT_TEAM = QN4T2H2RS6;
				INFOPLIST_FILE = "virtuelle-kugelbahnTests/Info.plist";
				LD_RUNPATH_SEARCH_PATHS = (
					"$(inherited)",
					"@executable_path/Frameworks",
					"@loader_path/Frameworks",
				);
				PRODUCT_BUNDLE_IDENTIFIER = "ch.hslu.pawi.virtuelle-kugelbahnTests";
				PRODUCT_NAME = "$(TARGET_NAME)";
				SWIFT_VERSION = 4.0;
				TARGETED_DEVICE_FAMILY = "1,2";
				TEST_HOST = "$(BUILT_PRODUCTS_DIR)/virtuelle-kugelbahn.app/virtuelle-kugelbahn";
			};
			name = Release;
		};
/* End XCBuildConfiguration section */

/* Begin XCConfigurationList section */
		A04D349F2073608200E55F9A /* Build configuration list for PBXProject "virtuelle-kugelbahn" */ = {
			isa = XCConfigurationList;
			buildConfigurations = (
				A04D34B62073608300E55F9A /* Debug */,
				A04D34B72073608300E55F9A /* Release */,
			);
			defaultConfigurationIsVisible = 0;
			defaultConfigurationName = Release;
		};
		A04D34B82073608300E55F9A /* Build configuration list for PBXNativeTarget "virtuelle-kugelbahn" */ = {
			isa = XCConfigurationList;
			buildConfigurations = (
				A04D34B92073608300E55F9A /* Debug */,
				A04D34BA2073608300E55F9A /* Release */,
			);
			defaultConfigurationIsVisible = 0;
			defaultConfigurationName = Release;
		};
		A0A34AF7207A8A6A00AF7EFF /* Build configuration list for PBXNativeTarget "virtuelle-kugelbahnTests" */ = {
			isa = XCConfigurationList;
			buildConfigurations = (
				A0A34AF8207A8A6A00AF7EFF /* Debug */,
				A0A34AF9207A8A6A00AF7EFF /* Release */,
			);
			defaultConfigurationIsVisible = 0;
			defaultConfigurationName = Release;
		};
/* End XCConfigurationList section */
	};
	rootObject = A04D349C2073608200E55F9A /* Project object */;
}
