// !$*UTF8*$!
{
	archiveVersion = 1;
	classes = {
	};
	objectVersion = 50;
	objects = {

/* Begin PBXBuildFile section */
		7E32567B209B0885005D7B09 /* AppDelegate.swift in Sources */ = {isa = PBXBuildFile; fileRef = 7E32567A209B0885005D7B09 /* AppDelegate.swift */; };
		7E32567D209B0885005D7B09 /* art.scnassets in Resources */ = {isa = PBXBuildFile; fileRef = 7E32567C209B0885005D7B09 /* art.scnassets */; };
		7E32567F209B0885005D7B09 /* ViewController.swift in Sources */ = {isa = PBXBuildFile; fileRef = 7E32567E209B0885005D7B09 /* ViewController.swift */; };
		7E325682209B0885005D7B09 /* Main.storyboard in Resources */ = {isa = PBXBuildFile; fileRef = 7E325680209B0885005D7B09 /* Main.storyboard */; };
		7E325684209B0887005D7B09 /* Assets.xcassets in Resources */ = {isa = PBXBuildFile; fileRef = 7E325683209B0887005D7B09 /* Assets.xcassets */; };
		7E325687209B0887005D7B09 /* LaunchScreen.storyboard in Resources */ = {isa = PBXBuildFile; fileRef = 7E325685209B0887005D7B09 /* LaunchScreen.storyboard */; };
		7E32568F209B0920005D7B09 /* Presenter.swift in Sources */ = {isa = PBXBuildFile; fileRef = 7E32568E209B0920005D7B09 /* Presenter.swift */; };
		7E325693209B0970005D7B09 /* ActionHandler.swift in Sources */ = {isa = PBXBuildFile; fileRef = 7E325692209B0970005D7B09 /* ActionHandler.swift */; };
		7E94AF0E209F11E600F583FF /* Triple.swift in Sources */ = {isa = PBXBuildFile; fileRef = 7E94AF0A209F11E500F583FF /* Triple.swift */; };
		7E94AF0F209F11E600F583FF /* TrackMap.swift in Sources */ = {isa = PBXBuildFile; fileRef = 7E94AF0B209F11E600F583FF /* TrackMap.swift */; };
		7E94AF10209F11E600F583FF /* TrackEditor.swift in Sources */ = {isa = PBXBuildFile; fileRef = 7E94AF0C209F11E600F583FF /* TrackEditor.swift */; };
		7E94AF11209F11E600F583FF /* BasicCube.swift in Sources */ = {isa = PBXBuildFile; fileRef = 7E94AF0D209F11E600F583FF /* BasicCube.swift */; };
		7E94AF13209F121B00F583FF /* TrackBuilder.swift in Sources */ = {isa = PBXBuildFile; fileRef = 7E94AF12209F121B00F583FF /* TrackBuilder.swift */; };
/* End PBXBuildFile section */

/* Begin PBXFileReference section */
		7E325677209B0885005D7B09 /* Marble Run Architecture Prototype.app */ = {isa = PBXFileReference; explicitFileType = wrapper.application; includeInIndex = 0; path = "Marble Run Architecture Prototype.app"; sourceTree = BUILT_PRODUCTS_DIR; };
		7E32567A209B0885005D7B09 /* AppDelegate.swift */ = {isa = PBXFileReference; lastKnownFileType = sourcecode.swift; path = AppDelegate.swift; sourceTree = "<group>"; };
		7E32567C209B0885005D7B09 /* art.scnassets */ = {isa = PBXFileReference; lastKnownFileType = wrapper.scnassets; path = art.scnassets; sourceTree = "<group>"; };
		7E32567E209B0885005D7B09 /* ViewController.swift */ = {isa = PBXFileReference; lastKnownFileType = sourcecode.swift; path = ViewController.swift; sourceTree = "<group>"; };
		7E325681209B0885005D7B09 /* Base */ = {isa = PBXFileReference; lastKnownFileType = file.storyboard; name = Base; path = Base.lproj/Main.storyboard; sourceTree = "<group>"; };
		7E325683209B0887005D7B09 /* Assets.xcassets */ = {isa = PBXFileReference; lastKnownFileType = folder.assetcatalog; path = Assets.xcassets; sourceTree = "<group>"; };
		7E325686209B0887005D7B09 /* Base */ = {isa = PBXFileReference; lastKnownFileType = file.storyboard; name = Base; path = Base.lproj/LaunchScreen.storyboard; sourceTree = "<group>"; };
		7E325688209B0887005D7B09 /* Info.plist */ = {isa = PBXFileReference; lastKnownFileType = text.plist.xml; path = Info.plist; sourceTree = "<group>"; };
		7E32568E209B0920005D7B09 /* Presenter.swift */ = {isa = PBXFileReference; lastKnownFileType = sourcecode.swift; path = Presenter.swift; sourceTree = "<group>"; };
		7E325692209B0970005D7B09 /* ActionHandler.swift */ = {isa = PBXFileReference; lastKnownFileType = sourcecode.swift; path = ActionHandler.swift; sourceTree = "<group>"; };
		7E94AF0A209F11E500F583FF /* Triple.swift */ = {isa = PBXFileReference; fileEncoding = 4; lastKnownFileType = sourcecode.swift; path = Triple.swift; sourceTree = "<group>"; };
		7E94AF0B209F11E600F583FF /* TrackMap.swift */ = {isa = PBXFileReference; fileEncoding = 4; lastKnownFileType = sourcecode.swift; path = TrackMap.swift; sourceTree = "<group>"; };
		7E94AF0C209F11E600F583FF /* TrackEditor.swift */ = {isa = PBXFileReference; fileEncoding = 4; lastKnownFileType = sourcecode.swift; path = TrackEditor.swift; sourceTree = "<group>"; };
		7E94AF0D209F11E600F583FF /* BasicCube.swift */ = {isa = PBXFileReference; fileEncoding = 4; lastKnownFileType = sourcecode.swift; path = BasicCube.swift; sourceTree = "<group>"; };
		7E94AF12209F121B00F583FF /* TrackBuilder.swift */ = {isa = PBXFileReference; fileEncoding = 4; lastKnownFileType = sourcecode.swift; path = TrackBuilder.swift; sourceTree = "<group>"; };
/* End PBXFileReference section */

/* Begin PBXFrameworksBuildPhase section */
		7E325674209B0885005D7B09 /* Frameworks */ = {
			isa = PBXFrameworksBuildPhase;
			buildActionMask = 2147483647;
			files = (
			);
			runOnlyForDeploymentPostprocessing = 0;
		};
/* End PBXFrameworksBuildPhase section */

/* Begin PBXGroup section */
		7E32566E209B0885005D7B09 = {
			isa = PBXGroup;
			children = (
				7E325679209B0885005D7B09 /* Marble Run Architecture Prototype */,
				7E325678209B0885005D7B09 /* Products */,
			);
			sourceTree = "<group>";
		};
		7E325678209B0885005D7B09 /* Products */ = {
			isa = PBXGroup;
			children = (
				7E325677209B0885005D7B09 /* Marble Run Architecture Prototype.app */,
			);
			name = Products;
			sourceTree = "<group>";
		};
		7E325679209B0885005D7B09 /* Marble Run Architecture Prototype */ = {
			isa = PBXGroup;
			children = (
				7E94AF12209F121B00F583FF /* TrackBuilder.swift */,
				7E94AF0D209F11E600F583FF /* BasicCube.swift */,
				7E94AF0C209F11E600F583FF /* TrackEditor.swift */,
				7E94AF0B209F11E600F583FF /* TrackMap.swift */,
				7E94AF0A209F11E500F583FF /* Triple.swift */,
				7E32567A209B0885005D7B09 /* AppDelegate.swift */,
				7E32567C209B0885005D7B09 /* art.scnassets */,
				7E32567E209B0885005D7B09 /* ViewController.swift */,
				7E325680209B0885005D7B09 /* Main.storyboard */,
				7E325683209B0887005D7B09 /* Assets.xcassets */,
				7E325685209B0887005D7B09 /* LaunchScreen.storyboard */,
				7E325688209B0887005D7B09 /* Info.plist */,
				7E32568E209B0920005D7B09 /* Presenter.swift */,
				7E325692209B0970005D7B09 /* ActionHandler.swift */,
			);
			path = "Marble Run Architecture Prototype";
			sourceTree = "<group>";
		};
/* End PBXGroup section */

/* Begin PBXNativeTarget section */
		7E325676209B0885005D7B09 /* Marble Run Architecture Prototype */ = {
			isa = PBXNativeTarget;
			buildConfigurationList = 7E32568B209B0887005D7B09 /* Build configuration list for PBXNativeTarget "Marble Run Architecture Prototype" */;
			buildPhases = (
				7E325673209B0885005D7B09 /* Sources */,
				7E325674209B0885005D7B09 /* Frameworks */,
				7E325675209B0885005D7B09 /* Resources */,
			);
			buildRules = (
			);
			dependencies = (
			);
			name = "Marble Run Architecture Prototype";
			productName = "Marble Run Architecture Prototype";
			productReference = 7E325677209B0885005D7B09 /* Marble Run Architecture Prototype.app */;
			productType = "com.apple.product-type.application";
		};
/* End PBXNativeTarget section */

/* Begin PBXProject section */
		7E32566F209B0885005D7B09 /* Project object */ = {
			isa = PBXProject;
			attributes = {
				LastSwiftUpdateCheck = 0930;
				LastUpgradeCheck = 0930;
				ORGANIZATIONNAME = HSLU;
				TargetAttributes = {
					7E325676209B0885005D7B09 = {
						CreatedOnToolsVersion = 9.3;
					};
				};
			};
			buildConfigurationList = 7E325672209B0885005D7B09 /* Build configuration list for PBXProject "Marble Run Architecture Prototype" */;
			compatibilityVersion = "Xcode 9.3";
			developmentRegion = en;
			hasScannedForEncodings = 0;
			knownRegions = (
				en,
				Base,
			);
			mainGroup = 7E32566E209B0885005D7B09;
			productRefGroup = 7E325678209B0885005D7B09 /* Products */;
			projectDirPath = "";
			projectRoot = "";
			targets = (
				7E325676209B0885005D7B09 /* Marble Run Architecture Prototype */,
			);
		};
/* End PBXProject section */

/* Begin PBXResourcesBuildPhase section */
		7E325675209B0885005D7B09 /* Resources */ = {
			isa = PBXResourcesBuildPhase;
			buildActionMask = 2147483647;
			files = (
				7E32567D209B0885005D7B09 /* art.scnassets in Resources */,
				7E325687209B0887005D7B09 /* LaunchScreen.storyboard in Resources */,
				7E325684209B0887005D7B09 /* Assets.xcassets in Resources */,
				7E325682209B0885005D7B09 /* Main.storyboard in Resources */,
			);
			runOnlyForDeploymentPostprocessing = 0;
		};
/* End PBXResourcesBuildPhase section */

/* Begin PBXSourcesBuildPhase section */
		7E325673209B0885005D7B09 /* Sources */ = {
			isa = PBXSourcesBuildPhase;
			buildActionMask = 2147483647;
			files = (
				7E94AF10209F11E600F583FF /* TrackEditor.swift in Sources */,
				7E32568F209B0920005D7B09 /* Presenter.swift in Sources */,
				7E94AF0F209F11E600F583FF /* TrackMap.swift in Sources */,
				7E32567F209B0885005D7B09 /* ViewController.swift in Sources */,
				7E94AF0E209F11E600F583FF /* Triple.swift in Sources */,
				7E325693209B0970005D7B09 /* ActionHandler.swift in Sources */,
				7E94AF11209F11E600F583FF /* BasicCube.swift in Sources */,
				7E32567B209B0885005D7B09 /* AppDelegate.swift in Sources */,
				7E94AF13209F121B00F583FF /* TrackBuilder.swift in Sources */,
			);
			runOnlyForDeploymentPostprocessing = 0;
		};
/* End PBXSourcesBuildPhase section */

/* Begin PBXVariantGroup section */
		7E325680209B0885005D7B09 /* Main.storyboard */ = {
			isa = PBXVariantGroup;
			children = (
				7E325681209B0885005D7B09 /* Base */,
			);
			name = Main.storyboard;
			sourceTree = "<group>";
		};
		7E325685209B0887005D7B09 /* LaunchScreen.storyboard */ = {
			isa = PBXVariantGroup;
			children = (
				7E325686209B0887005D7B09 /* Base */,
			);
			name = LaunchScreen.storyboard;
			sourceTree = "<group>";
		};
/* End PBXVariantGroup section */

/* Begin XCBuildConfiguration section */
		7E325689209B0887005D7B09 /* Debug */ = {
			isa = XCBuildConfiguration;
			buildSettings = {
				ALWAYS_SEARCH_USER_PATHS = NO;
				CLANG_ANALYZER_NONNULL = YES;
				CLANG_ANALYZER_NUMBER_OBJECT_CONVERSION = YES_AGGRESSIVE;
				CLANG_CXX_LANGUAGE_STANDARD = "gnu++14";
				CLANG_CXX_LIBRARY = "libc++";
				CLANG_ENABLE_MODULES = YES;
				CLANG_ENABLE_OBJC_ARC = YES;
				CLANG_ENABLE_OBJC_WEAK = YES;
				CLANG_WARN_BLOCK_CAPTURE_AUTORELEASING = YES;
				CLANG_WARN_BOOL_CONVERSION = YES;
				CLANG_WARN_COMMA = YES;
				CLANG_WARN_CONSTANT_CONVERSION = YES;
				CLANG_WARN_DEPRECATED_OBJC_IMPLEMENTATIONS = YES;
				CLANG_WARN_DIRECT_OBJC_ISA_USAGE = YES_ERROR;
				CLANG_WARN_DOCUMENTATION_COMMENTS = YES;
				CLANG_WARN_EMPTY_BODY = YES;
				CLANG_WARN_ENUM_CONVERSION = YES;
				CLANG_WARN_INFINITE_RECURSION = YES;
				CLANG_WARN_INT_CONVERSION = YES;
				CLANG_WARN_NON_LITERAL_NULL_CONVERSION = YES;
				CLANG_WARN_OBJC_IMPLICIT_RETAIN_SELF = YES;
				CLANG_WARN_OBJC_LITERAL_CONVERSION = YES;
				CLANG_WARN_OBJC_ROOT_CLASS = YES_ERROR;
				CLANG_WARN_RANGE_LOOP_ANALYSIS = YES;
				CLANG_WARN_STRICT_PROTOTYPES = YES;
				CLANG_WARN_SUSPICIOUS_MOVE = YES;
				CLANG_WARN_UNGUARDED_AVAILABILITY = YES_AGGRESSIVE;
				CLANG_WARN_UNREACHABLE_CODE = YES;
				CLANG_WARN__DUPLICATE_METHOD_MATCH = YES;
				CODE_SIGN_IDENTITY = "iPhone Developer";
				COPY_PHASE_STRIP = NO;
				DEBUG_INFORMATION_FORMAT = dwarf;
				ENABLE_STRICT_OBJC_MSGSEND = YES;
				ENABLE_TESTABILITY = YES;
				GCC_C_LANGUAGE_STANDARD = gnu11;
				GCC_DYNAMIC_NO_PIC = NO;
				GCC_NO_COMMON_BLOCKS = YES;
				GCC_OPTIMIZATION_LEVEL = 0;
				GCC_PREPROCESSOR_DEFINITIONS = (
					"DEBUG=1",
					"$(inherited)",
				);
				GCC_WARN_64_TO_32_BIT_CONVERSION = YES;
				GCC_WARN_ABOUT_RETURN_TYPE = YES_ERROR;
				GCC_WARN_UNDECLARED_SELECTOR = YES;
				GCC_WARN_UNINITIALIZED_AUTOS = YES_AGGRESSIVE;
				GCC_WARN_UNUSED_FUNCTION = YES;
				GCC_WARN_UNUSED_VARIABLE = YES;
				IPHONEOS_DEPLOYMENT_TARGET = 11.3;
				MTL_ENABLE_DEBUG_INFO = YES;
				ONLY_ACTIVE_ARCH = YES;
				SDKROOT = iphoneos;
				SWIFT_ACTIVE_COMPILATION_CONDITIONS = DEBUG;
				SWIFT_OPTIMIZATION_LEVEL = "-Onone";
			};
			name = Debug;
		};
		7E32568A209B0887005D7B09 /* Release */ = {
			isa = XCBuildConfiguration;
			buildSettings = {
				ALWAYS_SEARCH_USER_PATHS = NO;
				CLANG_ANALYZER_NONNULL = YES;
				CLANG_ANALYZER_NUMBER_OBJECT_CONVERSION = YES_AGGRESSIVE;
				CLANG_CXX_LANGUAGE_STANDARD = "gnu++14";
				CLANG_CXX_LIBRARY = "libc++";
				CLANG_ENABLE_MODULES = YES;
				CLANG_ENABLE_OBJC_ARC = YES;
				CLANG_ENABLE_OBJC_WEAK = YES;
				CLANG_WARN_BLOCK_CAPTURE_AUTORELEASING = YES;
				CLANG_WARN_BOOL_CONVERSION = YES;
				CLANG_WARN_COMMA = YES;
				CLANG_WARN_CONSTANT_CONVERSION = YES;
				CLANG_WARN_DEPRECATED_OBJC_IMPLEMENTATIONS = YES;
				CLANG_WARN_DIRECT_OBJC_ISA_USAGE = YES_ERROR;
				CLANG_WARN_DOCUMENTATION_COMMENTS = YES;
				CLANG_WARN_EMPTY_BODY = YES;
				CLANG_WARN_ENUM_CONVERSION = YES;
				CLANG_WARN_INFINITE_RECURSION = YES;
				CLANG_WARN_INT_CONVERSION = YES;
				CLANG_WARN_NON_LITERAL_NULL_CONVERSION = YES;
				CLANG_WARN_OBJC_IMPLICIT_RETAIN_SELF = YES;
				CLANG_WARN_OBJC_LITERAL_CONVERSION = YES;
				CLANG_WARN_OBJC_ROOT_CLASS = YES_ERROR;
				CLANG_WARN_RANGE_LOOP_ANALYSIS = YES;
				CLANG_WARN_STRICT_PROTOTYPES = YES;
				CLANG_WARN_SUSPICIOUS_MOVE = YES;
				CLANG_WARN_UNGUARDED_AVAILABILITY = YES_AGGRESSIVE;
				CLANG_WARN_UNREACHABLE_CODE = YES;
				CLANG_WARN__DUPLICATE_METHOD_MATCH = YES;
				CODE_SIGN_IDENTITY = "iPhone Developer";
				COPY_PHASE_STRIP = NO;
				DEBUG_INFORMATION_FORMAT = "dwarf-with-dsym";
				ENABLE_NS_ASSERTIONS = NO;
				ENABLE_STRICT_OBJC_MSGSEND = YES;
				GCC_C_LANGUAGE_STANDARD = gnu11;
				GCC_NO_COMMON_BLOCKS = YES;
				GCC_WARN_64_TO_32_BIT_CONVERSION = YES;
				GCC_WARN_ABOUT_RETURN_TYPE = YES_ERROR;
				GCC_WARN_UNDECLARED_SELECTOR = YES;
				GCC_WARN_UNINITIALIZED_AUTOS = YES_AGGRESSIVE;
				GCC_WARN_UNUSED_FUNCTION = YES;
				GCC_WARN_UNUSED_VARIABLE = YES;
				IPHONEOS_DEPLOYMENT_TARGET = 11.3;
				MTL_ENABLE_DEBUG_INFO = NO;
				SDKROOT = iphoneos;
				SWIFT_COMPILATION_MODE = wholemodule;
				SWIFT_OPTIMIZATION_LEVEL = "-O";
				VALIDATE_PRODUCT = YES;
			};
			name = Release;
		};
		7E32568C209B0887005D7B09 /* Debug */ = {
			isa = XCBuildConfiguration;
			buildSettings = {
				ASSETCATALOG_COMPILER_APPICON_NAME = AppIcon;
				CODE_SIGN_STYLE = Automatic;
				DEVELOPMENT_TEAM = 69936DBA63;
				INFOPLIST_FILE = "Marble Run Architecture Prototype/Info.plist";
				LD_RUNPATH_SEARCH_PATHS = (
					"$(inherited)",
					"@executable_path/Frameworks",
				);
				PRODUCT_BUNDLE_IDENTIFIER = "ch.hslu.Marble-Run-Architecture-Prototype";
				PRODUCT_NAME = "$(TARGET_NAME)";
				SWIFT_VERSION = 4.0;
				TARGETED_DEVICE_FAMILY = "1,2";
			};
			name = Debug;
		};
		7E32568D209B0887005D7B09 /* Release */ = {
			isa = XCBuildConfiguration;
			buildSettings = {
				ASSETCATALOG_COMPILER_APPICON_NAME = AppIcon;
				CODE_SIGN_STYLE = Automatic;
				DEVELOPMENT_TEAM = 69936DBA63;
				INFOPLIST_FILE = "Marble Run Architecture Prototype/Info.plist";
				LD_RUNPATH_SEARCH_PATHS = (
					"$(inherited)",
					"@executable_path/Frameworks",
				);
				PRODUCT_BUNDLE_IDENTIFIER = "ch.hslu.Marble-Run-Architecture-Prototype";
				PRODUCT_NAME = "$(TARGET_NAME)";
				SWIFT_VERSION = 4.0;
				TARGETED_DEVICE_FAMILY = "1,2";
			};
			name = Release;
		};
/* End XCBuildConfiguration section */

/* Begin XCConfigurationList section */
		7E325672209B0885005D7B09 /* Build configuration list for PBXProject "Marble Run Architecture Prototype" */ = {
			isa = XCConfigurationList;
			buildConfigurations = (
				7E325689209B0887005D7B09 /* Debug */,
				7E32568A209B0887005D7B09 /* Release */,
			);
			defaultConfigurationIsVisible = 0;
			defaultConfigurationName = Release;
		};
		7E32568B209B0887005D7B09 /* Build configuration list for PBXNativeTarget "Marble Run Architecture Prototype" */ = {
			isa = XCConfigurationList;
			buildConfigurations = (
				7E32568C209B0887005D7B09 /* Debug */,
				7E32568D209B0887005D7B09 /* Release */,
			);
			defaultConfigurationIsVisible = 0;
			defaultConfigurationName = Release;
		};
/* End XCConfigurationList section */
	};
	rootObject = 7E32566F209B0885005D7B09 /* Project object */;
}
